
Microsoft Visual Studio Solution File, Format Version 12.00
# Visual Studio 15
VisualStudioVersion = 15.0.27004.2005
MinimumVisualStudioVersion = 10.0.40219.1
Project("{9A19103F-16F7-4668-BE54-9A1E7A4F7556}") = "ILStrip", "ILStrip.csproj", "{D7EE6676-39B5-4332-9624-6E04E6F9D7AF}"
EndProject
Global
	GlobalSection(SolutionConfigurationPlatforms) = preSolution
		Debug|Any CPU = Debug|Any CPU
		Release|Any CPU = Release|Any CPU
	EndGlobalSection
	GlobalSection(ProjectConfigurationPlatforms) = postSolution
		{D7EE6676-39B5-4332-9624-6E04E6F9D7AF}.Debug|Any CPU.ActiveCfg = Debug|Any CPU
		{D7EE6676-39B5-4332-9624-6E04E6F9D7AF}.Debug|Any CPU.Build.0 = Debug|Any CPU
		{D7EE6676-39B5-4332-9624-6E04E6F9D7AF}.Release|Any CPU.ActiveCfg = Release|Any CPU
		{D7EE6676-39B5-4332-9624-6E04E6F9D7AF}.Release|Any CPU.Build.0 = Release|Any CPU
	EndGlobalSection
	GlobalSection(SolutionProperties) = preSolution
		HideSolutionNode = FALSE
	EndGlobalSection
	GlobalSection(ExtensibilityGlobals) = postSolution
		SolutionGuid = {77CDA9E2-89F2-4159-A5B8-4EB7F3345F64}
	EndGlobalSection
EndGlobal
