<?xml version="1.0" encoding="utf-8"?>
<Project ToolsVersion="4.0" xmlns="http://schemas.microsoft.com/developer/msbuild/2003">
  <ItemGroup>
    <Filter Include="Source Files">
      <UniqueIdentifier>{4FC737F1-C7A5-4376-A066-2A32D752A2FF}</UniqueIdentifier>
      <Extensions>cpp;c;cc;cxx;def;odl;idl;hpj;bat;asm;asmx</Extensions>
    </Filter>
    <Filter Include="Header Files">
      <UniqueIdentifier>{93995380-89BD-4b04-88EB-625FBE52EBFB}</UniqueIdentifier>
      <Extensions>h;hh;hpp;hxx;hm;inl;inc;xsd</Extensions>
    </Filter>
    <Filter Include="Resource Files">
      <UniqueIdentifier>{67DA6AB6-F800-4c08-8B7A-83BB121AAD01}</UniqueIdentifier>
      <Extensions>rc;ico;cur;bmp;dlg;rc2;rct;bin;rgs;gif;jpg;jpeg;jpe;resx;tiff;tif;png;wav;mfcribbon-ms</Extensions>
    </Filter>
  </ItemGroup>
  <ItemGroup>
    <ClInclude Include="src\CIL_OpCodes.h">
      <Filter>Header Files</Filter>
    </ClInclude>
    <ClInclude Include="src\CLIFile.h">
      <Filter>Header Files</Filter>
    </ClInclude>
    <ClInclude Include="src\Compat.h">
      <Filter>Header Files</Filter>
    </ClInclude>
    <ClInclude Include="src\Config.h">
      <Filter>Header Files</Filter>
    </ClInclude>
    <ClInclude Include="src\Delegate.h">
      <Filter>Header Files</Filter>
    </ClInclude>
    <ClInclude Include="src\EvalStack.h">
      <Filter>Header Files</Filter>
    </ClInclude>
    <ClInclude Include="src\Finalizer.h">
      <Filter>Header Files</Filter>
    </ClInclude>
    <ClInclude Include="src\Generics.h">
      <Filter>Header Files</Filter>
    </ClInclude>
    <ClInclude Include="src\Heap.h">
      <Filter>Header Files</Filter>
    </ClInclude>
    <ClInclude Include="src\InternalCall.h">
      <Filter>Header Files</Filter>
    </ClInclude>
    <ClInclude Include="src\JIT.h">
      <Filter>Header Files</Filter>
    </ClInclude>
    <ClInclude Include="src\JIT_OpCodes.h">
      <Filter>Header Files</Filter>
    </ClInclude>
    <ClInclude Include="src\JSInterop.h">
      <Filter>Header Files</Filter>
    </ClInclude>
    <ClInclude Include="src\MetaData.h">
      <Filter>Header Files</Filter>
    </ClInclude>
    <ClInclude Include="src\MetaDataTables.h">
      <Filter>Header Files</Filter>
    </ClInclude>
    <ClInclude Include="src\MethodState.h">
      <Filter>Header Files</Filter>
    </ClInclude>
    <ClInclude Include="src\PInvoke.h">
      <Filter>Header Files</Filter>
    </ClInclude>
    <ClInclude Include="src\PInvoke_CaseCode.h">
      <Filter>Header Files</Filter>
    </ClInclude>
    <ClInclude Include="src\PInvoke_TypeDef.h">
      <Filter>Header Files</Filter>
    </ClInclude>
    <ClInclude Include="src\RVA.h">
      <Filter>Header Files</Filter>
    </ClInclude>
    <ClInclude Include="src\Sys.h">
      <Filter>Header Files</Filter>
    </ClInclude>
    <ClInclude Include="src\System.Array.h">
      <Filter>Header Files</Filter>
    </ClInclude>
    <ClInclude Include="src\System.Char.CaseConversion.h">
      <Filter>Header Files</Filter>
    </ClInclude>
    <ClInclude Include="src\System.Char.h">
      <Filter>Header Files</Filter>
    </ClInclude>
    <ClInclude Include="src\System.Char.UC_IndexRuns.h">
      <Filter>Header Files</Filter>
    </ClInclude>
    <ClInclude Include="src\System.Console.h">
      <Filter>Header Files</Filter>
    </ClInclude>
    <ClInclude Include="src\System.DateTime.h">
      <Filter>Header Files</Filter>
    </ClInclude>
    <ClInclude Include="src\System.Diagnostics.Debugger.h">
      <Filter>Header Files</Filter>
    </ClInclude>
    <ClInclude Include="src\System.Enum.h">
      <Filter>Header Files</Filter>
    </ClInclude>
    <ClInclude Include="src\System.Environment.h">
      <Filter>Header Files</Filter>
    </ClInclude>
    <ClInclude Include="src\System.GC.h">
      <Filter>Header Files</Filter>
    </ClInclude>
    <ClInclude Include="src\System.IO.FileInternal.h">
      <Filter>Header Files</Filter>
    </ClInclude>
    <ClInclude Include="src\System.Math.h">
      <Filter>Header Files</Filter>
    </ClInclude>
    <ClInclude Include="src\System.Net.Dns.h">
      <Filter>Header Files</Filter>
    </ClInclude>
    <ClInclude Include="src\System.Net.Sockets.Socket.h">
      <Filter>Header Files</Filter>
    </ClInclude>
    <ClInclude Include="src\System.Object.h">
      <Filter>Header Files</Filter>
    </ClInclude>
    <ClInclude Include="src\System.Reflection.MethodBase.h">
      <Filter>Header Files</Filter>
    </ClInclude>
    <ClInclude Include="src\System.Reflection.MethodInfo.h">
      <Filter>Header Files</Filter>
    </ClInclude>
    <ClInclude Include="src\System.Reflection.PropertyInfo.h">
      <Filter>Header Files</Filter>
    </ClInclude>
    <ClInclude Include="src\System.Runtime.CompilerServices.RuntimeHelpers.h">
      <Filter>Header Files</Filter>
    </ClInclude>
    <ClInclude Include="src\System.RuntimeType.h">
      <Filter>Header Files</Filter>
    </ClInclude>
    <ClInclude Include="src\System.String.h">
      <Filter>Header Files</Filter>
    </ClInclude>
    <ClInclude Include="src\System.Threading.Interlocked.h">
      <Filter>Header Files</Filter>
    </ClInclude>
    <ClInclude Include="src\System.Threading.Monitor.h">
      <Filter>Header Files</Filter>
    </ClInclude>
    <ClInclude Include="src\System.Threading.Thread.h">
      <Filter>Header Files</Filter>
    </ClInclude>
    <ClInclude Include="src\System.Type.h">
      <Filter>Header Files</Filter>
    </ClInclude>
    <ClInclude Include="src\System.ValueType.h">
      <Filter>Header Files</Filter>
    </ClInclude>
    <ClInclude Include="src\System.WeakReference.h">
      <Filter>Header Files</Filter>
    </ClInclude>
    <ClInclude Include="src\Thread.h">
      <Filter>Header Files</Filter>
    </ClInclude>
    <ClInclude Include="src\Type.h">
      <Filter>Header Files</Filter>
    </ClInclude>
    <ClInclude Include="src\Types.h">
      <Filter>Header Files</Filter>
    </ClInclude>
    <ClInclude Include="src\Reflection.h">
      <Filter>Header Files</Filter>
    </ClInclude>
    <ClInclude Include="src\System.Attribute.h">
      <Filter>Header Files</Filter>
    </ClInclude>
    <ClInclude Include="src\System.Reflection.MemberInfo.h">
      <Filter>Header Files</Filter>
    </ClInclude>
  </ItemGroup>
  <ItemGroup>
    <ClCompile Include="src\CLIFile.c">
      <Filter>Source Files</Filter>
    </ClCompile>
    <ClCompile Include="src\Delegate.c">
      <Filter>Source Files</Filter>
    </ClCompile>
    <ClCompile Include="src\dna.c">
      <Filter>Source Files</Filter>
    </ClCompile>
    <ClCompile Include="src\Finalizer.c">
      <Filter>Source Files</Filter>
    </ClCompile>
    <ClCompile Include="src\Generics.c">
      <Filter>Source Files</Filter>
    </ClCompile>
    <ClCompile Include="src\Heap.c">
      <Filter>Source Files</Filter>
    </ClCompile>
    <ClCompile Include="src\InternalCall.c">
      <Filter>Source Files</Filter>
    </ClCompile>
    <ClCompile Include="src\JIT.c">
      <Filter>Source Files</Filter>
    </ClCompile>
    <ClCompile Include="src\JIT_Execute.c">
      <Filter>Source Files</Filter>
    </ClCompile>
    <ClCompile Include="src\JSInterop.c">
      <Filter>Source Files</Filter>
    </ClCompile>
    <ClCompile Include="src\MetaData.c">
      <Filter>Source Files</Filter>
    </ClCompile>
    <ClCompile Include="src\MetaData_Fill.c">
      <Filter>Source Files</Filter>
    </ClCompile>
    <ClCompile Include="src\MetaData_Search.c">
      <Filter>Source Files</Filter>
    </ClCompile>
    <ClCompile Include="src\MethodState.c">
      <Filter>Source Files</Filter>
    </ClCompile>
    <ClCompile Include="src\PInvoke.c">
      <Filter>Source Files</Filter>
    </ClCompile>
    <ClCompile Include="src\RVA.c">
      <Filter>Source Files</Filter>
    </ClCompile>
    <ClCompile Include="src\Sys.c">
      <Filter>Source Files</Filter>
    </ClCompile>
    <ClCompile Include="src\System.Array.c">
      <Filter>Source Files</Filter>
    </ClCompile>
    <ClCompile Include="src\System.Char.c">
      <Filter>Source Files</Filter>
    </ClCompile>
    <ClCompile Include="src\System.Console.c">
      <Filter>Source Files</Filter>
    </ClCompile>
    <ClCompile Include="src\System.DateTime.c">
      <Filter>Source Files</Filter>
    </ClCompile>
    <ClCompile Include="src\System.Diagnostics.Debugger.c">
      <Filter>Source Files</Filter>
    </ClCompile>
    <ClCompile Include="src\System.Enum.c">
      <Filter>Source Files</Filter>
    </ClCompile>
    <ClCompile Include="src\System.Environment.c">
      <Filter>Source Files</Filter>
    </ClCompile>
    <ClCompile Include="src\System.GC.c">
      <Filter>Source Files</Filter>
    </ClCompile>
    <ClCompile Include="src\System.IO.FileInternal.c">
      <Filter>Source Files</Filter>
    </ClCompile>
    <ClCompile Include="src\System.Math.c">
      <Filter>Source Files</Filter>
    </ClCompile>
    <ClCompile Include="src\System.Net.Dns.c">
      <Filter>Source Files</Filter>
    </ClCompile>
    <ClCompile Include="src\System.Net.Sockets.Socket.c">
      <Filter>Source Files</Filter>
    </ClCompile>
    <ClCompile Include="src\System.Object.c">
      <Filter>Source Files</Filter>
    </ClCompile>
    <ClCompile Include="src\System.Runtime.CompilerServices.RuntimeHelpers.c">
      <Filter>Source Files</Filter>
    </ClCompile>
    <ClCompile Include="src\System.RuntimeType.c">
      <Filter>Source Files</Filter>
    </ClCompile>
    <ClCompile Include="src\System.String.c">
      <Filter>Source Files</Filter>
    </ClCompile>
    <ClCompile Include="src\System.Threading.Interlocked.c">
      <Filter>Source Files</Filter>
    </ClCompile>
    <ClCompile Include="src\System.Threading.Monitor.c">
      <Filter>Source Files</Filter>
    </ClCompile>
    <ClCompile Include="src\System.Threading.Thread.c">
      <Filter>Source Files</Filter>
    </ClCompile>
    <ClCompile Include="src\System.Type.c">
      <Filter>Source Files</Filter>
    </ClCompile>
    <ClCompile Include="src\System.ValueType.c">
      <Filter>Source Files</Filter>
    </ClCompile>
    <ClCompile Include="src\System.WeakReference.c">
      <Filter>Source Files</Filter>
    </ClCompile>
    <ClCompile Include="src\Thread.c">
      <Filter>Source Files</Filter>
    </ClCompile>
    <ClCompile Include="src\Type.c">
      <Filter>Source Files</Filter>
    </ClCompile>
    <ClCompile Include="src\Reflection.c">
      <Filter>Source Files</Filter>
    </ClCompile>
  </ItemGroup>
</Project>